
Microsoft Visual Studio Solution File, Format Version 12.00
# Visual Studio Version 17
VisualStudioVersion = 17.9.34616.47
MinimumVisualStudioVersion = 10.0.40219.1
Project("{8BC9CEB8-8B4A-11D0-8D11-00A0C91BC942}") = "thread_struct_kullanımı2", "thread_struct_kullanımı2\thread_struct_kullanımı2.vcxproj", "{E2D178A8-FAF7-404B-A8F5-497B58F8B544}"
EndProject
Global
	GlobalSection(SolutionConfigurationPlatforms) = preSolution
		Debug|x64 = Debug|x64
		Debug|x86 = Debug|x86
		Release|x64 = Release|x64
		Release|x86 = Release|x86
	EndGlobalSection
	GlobalSection(ProjectConfigurationPlatforms) = postSolution
		{E2D178A8-FAF7-404B-A8F5-497B58F8B544}.Debug|x64.ActiveCfg = Debug|x64
		{E2D178A8-FAF7-404B-A8F5-497B58F8B544}.Debug|x64.Build.0 = Debug|x64
		{E2D178A8-FAF7-404B-A8F5-497B58F8B544}.Debug|x86.ActiveCfg = Debug|Win32
		{E2D178A8-FAF7-404B-A8F5-497B58F8B544}.Debug|x86.Build.0 = Debug|Win32
		{E2D178A8-FAF7-404B-A8F5-497B58F8B544}.Release|x64.ActiveCfg = Release|x64
		{E2D178A8-FAF7-404B-A8F5-497B58F8B544}.Release|x64.Build.0 = Release|x64
		{E2D178A8-FAF7-404B-A8F5-497B58F8B544}.Release|x86.ActiveCfg = Release|Win32
		{E2D178A8-FAF7-404B-A8F5-497B58F8B544}.Release|x86.Build.0 = Release|Win32
	EndGlobalSection
	GlobalSection(SolutionProperties) = preSolution
		HideSolutionNode = FALSE
	EndGlobalSection
	GlobalSection(ExtensibilityGlobals) = postSolution
		SolutionGuid = {C20C6D0A-E43B-460F-AFA4-C10FE77EE22F}
	EndGlobalSection
EndGlobal
